{
  "version": 4,
  "terraform_version": "0.12.28",
  "serial": 658,
  "lineage": "0a690bde-d7a1-94be-0018-220f6f8f9634",
  "outputs": {
    "admin1_access_key": {
      "value": "AKIA5MHU5MRUGJKLXL4X",
      "type": "string"
    },
    "admin1_secret_key": {
      "value": "9mWJnFnPrG3Rai/MC0QSpcBt7OhITglY+PSn7zhT",
      "type": "string"
    },
    "admin2_access_key": {
      "value": "AKIA5MHU5MRUPAQ2SLFL",
      "type": "string"
    },
    "admin2_secret_key": {
      "value": "QMr/XHJmwe7p0VjZhT953sHMWaG0jbn5SQ8KuHZL",
      "type": "string"
    }
  },
  "resources": [
    {
      "mode": "managed",
      "type": "aws_iam_access_key",
      "name": "admin1-access",
      "provider": "provider.aws",
      "instances": [
        {
          "schema_version": 0,
          "attributes": {
            "encrypted_secret": null,
            "id": "AKIA5MHU5MRUGJKLXL4X",
            "key_fingerprint": null,
            "pgp_key": null,
            "secret": "9mWJnFnPrG3Rai/MC0QSpcBt7OhITglY+PSn7zhT",
            "ses_smtp_password": "Aj/8sf5+5JLDKXRPYulr3zwKm9EQ3Gs6sci0jI4RQBfI",
            "ses_smtp_password_v4": "BHmYbtvcflNFEAvUPkXTNia1gFHLI6saAl02OgICMifu",
            "status": "Active",
            "user": "admin1"
          },
          "private": "bnVsbA==",
          "dependencies": [
            "aws_iam_user.admin1"
          ]
        }
      ]
    },
    {
      "mode": "managed",
      "type": "aws_iam_access_key",
      "name": "admin2-access",
      "provider": "provider.aws",
      "instances": [
        {
          "schema_version": 0,
          "attributes": {
            "encrypted_secret": null,
            "id": "AKIA5MHU5MRUPAQ2SLFL",
            "key_fingerprint": null,
            "pgp_key": null,
            "secret": "QMr/XHJmwe7p0VjZhT953sHMWaG0jbn5SQ8KuHZL",
            "ses_smtp_password": "AsgMbv2Get8mkObQLmWz4VElnl2xGjcM6k7yEtKH0Td0",
            "ses_smtp_password_v4": "BKCDg/oJiOYEKUlHukLTANXf2VR1Uui/SIVdVn9HoVeJ",
            "status": "Active",
            "user": "admin2"
          },
          "private": "bnVsbA==",
          "dependencies": [
            "aws_iam_user.admin2"
          ]
        }
      ]
    },
    {
      "mode": "managed",
      "type": "aws_iam_group",
      "name": "administradores",
      "provider": "provider.aws",
      "instances": [
        {
          "schema_version": 0,
          "attributes": {
            "arn": "arn:aws:iam::919636632680:group/Administradores",
            "id": "Administradores",
            "name": "Administradores",
            "path": "/",
            "unique_id": "AGPA5MHU5MRUBBC37EFIA"
          },
          "private": "bnVsbA=="
        }
      ]
    },
    {
      "mode": "managed",
      "type": "aws_iam_group_membership",
      "name": "admins-users",
      "provider": "provider.aws",
      "instances": [
        {
          "schema_version": 0,
          "attributes": {
            "group": "Administradores",
            "id": "admins-users",
            "name": "admins-users",
            "users": [
              "admin1",
              "admin2"
            ]
          },
          "private": "bnVsbA==",
          "dependencies": [
            "aws_iam_group.administradores",
            "aws_iam_user.admin1",
            "aws_iam_user.admin2"
          ]
        }
      ]
    },
    {
      "mode": "managed",
      "type": "aws_iam_policy_attachment",
      "name": "admins-attach",
      "provider": "provider.aws",
      "instances": [
        {
          "schema_version": 0,
          "attributes": {
            "groups": [
              "Administradores"
            ],
            "id": "admins-attach",
            "name": "admins-attach",
            "policy_arn": "arn:aws:iam::aws:policy/job-function/SystemAdministrator",
            "roles": [],
            "users": []
          },
          "private": "bnVsbA==",
          "dependencies": [
            "aws_iam_group.administradores"
          ]
        }
      ]
    },
    {
      "mode": "managed",
      "type": "aws_iam_user",
      "name": "admin1",
      "provider": "provider.aws",
      "instances": [
        {
          "schema_version": 0,
          "attributes": {
            "arn": "arn:aws:iam::919636632680:user/admin1",
            "force_destroy": false,
            "id": "admin1",
            "name": "admin1",
            "path": "/",
            "permissions_boundary": null,
            "tags": {},
            "unique_id": "AIDA5MHU5MRUON43MCSRT"
          },
          "private": "bnVsbA=="
        }
      ]
    },
    {
      "mode": "managed",
      "type": "aws_iam_user",
      "name": "admin2",
      "provider": "provider.aws",
      "instances": [
        {
          "schema_version": 0,
          "attributes": {
            "arn": "arn:aws:iam::919636632680:user/admin2",
            "force_destroy": false,
            "id": "admin2",
            "name": "admin2",
            "path": "/",
            "permissions_boundary": null,
            "tags": {},
            "unique_id": "AIDA5MHU5MRUIJ76GL45A"
          },
          "private": "bnVsbA=="
        }
      ]
    },
    {
      "mode": "managed",
      "type": "aws_instance",
      "name": "server1",
      "each": "list",
      "provider": "provider.aws",
      "instances": [
        {
          "index_key": 0,
          "schema_version": 1,
          "attributes": {
            "ami": "ami-0a54aef4ef3b5f881",
            "arn": "arn:aws:ec2:us-east-2:919636632680:instance/i-05f34d5f2a052b179",
            "associate_public_ip_address": true,
            "availability_zone": "us-east-2a",
            "cpu_core_count": 1,
            "cpu_threads_per_core": 1,
            "credit_specification": [
              {
                "cpu_credits": "standard"
              }
            ],
            "disable_api_termination": false,
            "ebs_block_device": [],
            "ebs_optimized": false,
            "ephemeral_block_device": [],
            "get_password_data": false,
            "hibernation": false,
            "host_id": null,
            "iam_instance_profile": "",
            "id": "i-05f34d5f2a052b179",
            "instance_initiated_shutdown_behavior": null,
            "instance_state": "running",
            "instance_type": "t2.micro",
            "ipv6_address_count": 0,
            "ipv6_addresses": [],
            "key_name": "class_key1",
            "metadata_options": [
              {
                "http_endpoint": "enabled",
                "http_put_response_hop_limit": 1,
                "http_tokens": "optional"
              }
            ],
            "monitoring": false,
            "network_interface": [],
            "network_interface_id": null,
            "outpost_arn": "",
            "password_data": "",
            "placement_group": "",
            "primary_network_interface_id": "eni-018713dcf14a1b62e",
            "private_dns": "ip-10-0-10-10.us-east-2.compute.internal",
            "private_ip": "10.0.10.10",
            "public_dns": "ec2-18-218-164-49.us-east-2.compute.amazonaws.com",
            "public_ip": "18.218.164.49",
            "root_block_device": [
              {
                "delete_on_termination": true,
                "device_name": "/dev/sda1",
                "encrypted": false,
                "iops": 100,
                "kms_key_id": "",
                "volume_id": "vol-00be764d30bf58de8",
                "volume_size": 10,
                "volume_type": "gp2"
              }
            ],
            "security_groups": [],
            "source_dest_check": true,
            "subnet_id": "subnet-05530d6169e525ce9",
            "tags": {
              "Env": "dev",
              "Name": "Serv1",
              "Owner": "user02-tf-demo"
            },
            "tenancy": "default",
            "timeouts": null,
            "user_data": "aea058c8d177f3bb3f14ea4f0adeb955fa580a08",
            "user_data_base64": null,
            "volume_tags": {},
            "vpc_security_group_ids": [
              "sg-0321d9494622fdabf",
              "sg-0c50e366e82ce9458"
            ]
          },
          "private": "eyJlMmJmYjczMC1lY2FhLTExZTYtOGY4OC0zNDM2M2JjN2M0YzAiOnsiY3JlYXRlIjo2MDAwMDAwMDAwMDAsImRlbGV0ZSI6MTIwMDAwMDAwMDAwMCwidXBkYXRlIjo2MDAwMDAwMDAwMDB9LCJzY2hlbWFfdmVyc2lvbiI6IjEifQ==",
          "dependencies": [
            "aws_security_group.sg-1",
            "aws_security_group.sg-2",
            "aws_subnet.subnet1",
            "aws_vpc.main1"
          ]
        }
      ]
    },
    {
      "mode": "managed",
      "type": "aws_instance",
      "name": "server2",
      "each": "list",
      "provider": "provider.aws",
      "instances": [
        {
          "index_key": 0,
          "schema_version": 1,
          "attributes": {
            "ami": "ami-0a54aef4ef3b5f881",
            "arn": "arn:aws:ec2:us-east-2:919636632680:instance/i-01d3c63e21cdbaffe",
            "associate_public_ip_address": true,
            "availability_zone": "us-east-2a",
            "cpu_core_count": 1,
            "cpu_threads_per_core": 1,
            "credit_specification": [
              {
                "cpu_credits": "standard"
              }
            ],
            "disable_api_termination": false,
            "ebs_block_device": [],
            "ebs_optimized": false,
            "ephemeral_block_device": [],
            "get_password_data": false,
            "hibernation": false,
            "host_id": null,
            "iam_instance_profile": "",
            "id": "i-01d3c63e21cdbaffe",
            "instance_initiated_shutdown_behavior": null,
            "instance_state": "running",
            "instance_type": "t2.micro",
            "ipv6_address_count": 0,
            "ipv6_addresses": [],
            "key_name": "class_key2",
            "metadata_options": [
              {
                "http_endpoint": "enabled",
                "http_put_response_hop_limit": 1,
                "http_tokens": "optional"
              }
            ],
            "monitoring": false,
            "network_interface": [],
            "network_interface_id": null,
            "outpost_arn": "",
            "password_data": "",
            "placement_group": "",
            "primary_network_interface_id": "eni-0d3ec94a274041521",
            "private_dns": "ip-10-0-10-11.us-east-2.compute.internal",
            "private_ip": "10.0.10.11",
            "public_dns": "ec2-18-218-26-174.us-east-2.compute.amazonaws.com",
            "public_ip": "18.218.26.174",
            "root_block_device": [
              {
                "delete_on_termination": true,
                "device_name": "/dev/sda1",
                "encrypted": false,
                "iops": 100,
                "kms_key_id": "",
                "volume_id": "vol-049c32cfa5aa5bd4e",
                "volume_size": 10,
                "volume_type": "gp2"
              }
            ],
            "security_groups": [],
            "source_dest_check": true,
            "subnet_id": "subnet-05530d6169e525ce9",
            "tags": {
              "Env": "dev",
              "Name": "Serv2",
              "Owner": "user02-tf-demo"
            },
            "tenancy": "default",
            "timeouts": null,
            "user_data": "cabfd8ec43bfc6b1e11bf3d581a3f7bf5fca6cfe",
            "user_data_base64": null,
            "volume_tags": {},
            "vpc_security_group_ids": [
              "sg-0321d9494622fdabf",
              "sg-0c50e366e82ce9458"
            ]
          },
          "private": "eyJlMmJmYjczMC1lY2FhLTExZTYtOGY4OC0zNDM2M2JjN2M0YzAiOnsiY3JlYXRlIjo2MDAwMDAwMDAwMDAsImRlbGV0ZSI6MTIwMDAwMDAwMDAwMCwidXBkYXRlIjo2MDAwMDAwMDAwMDB9LCJzY2hlbWFfdmVyc2lvbiI6IjEifQ==",
          "dependencies": [
            "aws_key_pair.key-class2",
            "aws_security_group.sg-1",
            "aws_security_group.sg-2",
            "aws_subnet.subnet1"
          ]
        }
      ]
    },
    {
      "mode": "managed",
      "type": "aws_internet_gateway",
      "name": "gw",
      "provider": "provider.aws",
      "instances": [
        {
          "schema_version": 0,
          "attributes": {
            "arn": "arn:aws:ec2:us-east-2:919636632680:internet-gateway/igw-04e977e4fd7a1410d",
            "id": "igw-04e977e4fd7a1410d",
            "owner_id": "919636632680",
            "tags": {
              "Name": "Gateway 1 en us-east-2a"
            },
            "vpc_id": "vpc-0063157541c1df386"
          },
          "private": "bnVsbA==",
          "dependencies": [
            "aws_vpc.main1"
          ]
        }
      ]
    },
    {
      "mode": "managed",
      "type": "aws_key_pair",
      "name": "key-class1",
      "provider": "provider.aws",
      "instances": [
        {
          "schema_version": 1,
          "attributes": {
            "arn": "arn:aws:ec2:us-east-2:919636632680:key-pair/class_key1",
            "fingerprint": "7c:05:11:17:c4:bf:36:ec:10:56:5b:71:e2:9d:63:fe",
            "id": "class_key1",
            "key_name": "class_key1",
            "key_name_prefix": null,
            "key_pair_id": "key-0d59736de338cacac",
            "public_key": "ssh-rsa AAAAB3NzaC1yc2EAAAADAQABAAACAQDI8eW/4p5s+FKgTgfG7LpO/UYXWMxvx1Z0vTaQ75yXBFDf4KhdT/R1DMN57Zw25QgfbqSwljPNtUdswwXKe46855+vrgggO5OneF6KDOPTrhHa1y05dGlbStd3eFKN/kHQ6mu4RZssCZyOnUBCyqBoD5R3nzXdsFarPTvXYPOHXklkObXG8Zu2Ong6k0uhs4c8WcE+9E9DJ1J29EClfSL88GUF934HH+TSrPJmo0MMO8JbFxgqbLDOa7yubCiqnB4M+2eha6kzje2RfaYvnfki/qHlI/cBz/rbH6BbY15XBVaZZlsQio+QjJLNI3Aj8H3ndF5XErlXgx+4j2yi1zc2DaFXPoKSJYOJrFMCcRkj7FIwAUiZK/IF27Gk+RRP3ZRqLafG3rBRI8u5Qmo5DcqclEREjf82B/lGhrfNZdCSdoJOjXY5qtLKHsYIVezHHb8FZUvJ+HB45Ufeq/EgctFRc473mUDs9stI0BrHesvo4tAPHtWs0tq5dHyPmI2jaKc7mvSD9EdYcALFATlyOIqSjZdzwd2MhAvm3Lnd0lyqGPt5OQlQbih8VW1g3O2s/fMPP4E1NR51whpmQ9n6zUptrY5CHl3cNCAVYurEcOpR4xVBY3Y1GI5eqQpkE6oDLRI2DArdoceiYhs6Bs7etQ1KmWe59fIJuujF8mIyD9UXcw==",
            "tags": {}
          },
          "private": "eyJzY2hlbWFfdmVyc2lvbiI6IjEifQ=="
        }
      ]
    },
    {
      "mode": "managed",
      "type": "aws_key_pair",
      "name": "key-class2",
      "provider": "provider.aws",
      "instances": [
        {
          "schema_version": 1,
          "attributes": {
            "arn": "arn:aws:ec2:us-east-2:919636632680:key-pair/class_key2",
            "fingerprint": "7c:05:11:17:c4:bf:36:ec:10:56:5b:71:e2:9d:63:fe",
            "id": "class_key2",
            "key_name": "class_key2",
            "key_name_prefix": null,
            "key_pair_id": "key-0e4af69c922fa2a1a",
            "public_key": "ssh-rsa AAAAB3NzaC1yc2EAAAADAQABAAACAQDI8eW/4p5s+FKgTgfG7LpO/UYXWMxvx1Z0vTaQ75yXBFDf4KhdT/R1DMN57Zw25QgfbqSwljPNtUdswwXKe46855+vrgggO5OneF6KDOPTrhHa1y05dGlbStd3eFKN/kHQ6mu4RZssCZyOnUBCyqBoD5R3nzXdsFarPTvXYPOHXklkObXG8Zu2Ong6k0uhs4c8WcE+9E9DJ1J29EClfSL88GUF934HH+TSrPJmo0MMO8JbFxgqbLDOa7yubCiqnB4M+2eha6kzje2RfaYvnfki/qHlI/cBz/rbH6BbY15XBVaZZlsQio+QjJLNI3Aj8H3ndF5XErlXgx+4j2yi1zc2DaFXPoKSJYOJrFMCcRkj7FIwAUiZK/IF27Gk+RRP3ZRqLafG3rBRI8u5Qmo5DcqclEREjf82B/lGhrfNZdCSdoJOjXY5qtLKHsYIVezHHb8FZUvJ+HB45Ufeq/EgctFRc473mUDs9stI0BrHesvo4tAPHtWs0tq5dHyPmI2jaKc7mvSD9EdYcALFATlyOIqSjZdzwd2MhAvm3Lnd0lyqGPt5OQlQbih8VW1g3O2s/fMPP4E1NR51whpmQ9n6zUptrY5CHl3cNCAVYurEcOpR4xVBY3Y1GI5eqQpkE6oDLRI2DArdoceiYhs6Bs7etQ1KmWe59fIJuujF8mIyD9UXcw==",
            "tags": {}
          },
          "private": "eyJzY2hlbWFfdmVyc2lvbiI6IjEifQ=="
        }
      ]
    },
    {
      "mode": "managed",
      "type": "aws_route_table",
      "name": "r",
      "provider": "provider.aws",
      "instances": [
        {
          "schema_version": 0,
          "attributes": {
            "id": "rtb-0eb5eb83fc12d57b0",
            "owner_id": "919636632680",
            "propagating_vgws": [],
            "route": [
              {
                "cidr_block": "0.0.0.0/0",
                "egress_only_gateway_id": "",
                "gateway_id": "igw-04e977e4fd7a1410d",
                "instance_id": "",
                "ipv6_cidr_block": "",
                "nat_gateway_id": "",
                "network_interface_id": "",
                "transit_gateway_id": "",
                "vpc_peering_connection_id": ""
              }
            ],
            "tags": {
              "Name": "Gateway por defecto"
            },
            "vpc_id": "vpc-0063157541c1df386"
          },
          "private": "bnVsbA==",
          "dependencies": [
            "aws_internet_gateway.gw",
            "aws_vpc.main1"
          ]
        }
      ]
    },
    {
      "mode": "managed",
      "type": "aws_route_table_association",
      "name": "table_subnet1",
      "provider": "provider.aws",
      "instances": [
        {
          "schema_version": 0,
          "attributes": {
            "gateway_id": null,
            "id": "rtbassoc-0aa15bec2e6622ecf",
            "route_table_id": "rtb-0eb5eb83fc12d57b0",
            "subnet_id": "subnet-05530d6169e525ce9"
          },
          "private": "bnVsbA==",
          "dependencies": [
            "aws_internet_gateway.gw",
            "aws_route_table.r",
            "aws_subnet.subnet1",
            "aws_vpc.main1"
          ]
        }
      ]
    },
    {
      "mode": "managed",
      "type": "aws_route_table_association",
      "name": "table_subnet2",
      "provider": "provider.aws",
      "instances": [
        {
          "schema_version": 0,
          "attributes": {
            "gateway_id": null,
            "id": "rtbassoc-00a4c4c59030eea12",
            "route_table_id": "rtb-0eb5eb83fc12d57b0",
            "subnet_id": "subnet-092cf07c35ebc1acf"
          },
          "private": "bnVsbA==",
          "dependencies": [
            "aws_internet_gateway.gw",
            "aws_route_table.r",
            "aws_subnet.subnet2",
            "aws_vpc.main1"
          ]
        }
      ]
    },
    {
      "mode": "managed",
      "type": "aws_route_table_association",
      "name": "table_subnet3",
      "provider": "provider.aws",
      "instances": [
        {
          "schema_version": 0,
          "attributes": {
            "gateway_id": null,
            "id": "rtbassoc-0b15423866a939f99",
            "route_table_id": "rtb-0eb5eb83fc12d57b0",
            "subnet_id": "subnet-082e5f6db4b9aa8be"
          },
          "private": "bnVsbA==",
          "dependencies": [
            "aws_internet_gateway.gw",
            "aws_route_table.r",
            "aws_subnet.subnet3",
            "aws_vpc.main1"
          ]
        }
      ]
    },
    {
      "mode": "managed",
      "type": "aws_security_group",
      "name": "sg-1",
      "provider": "provider.aws",
      "instances": [
        {
          "schema_version": 1,
          "attributes": {
            "arn": "arn:aws:ec2:us-east-2:919636632680:security-group/sg-0321d9494622fdabf",
            "description": "Permite Trafico solo ICMP, y SSH",
            "egress": [
              {
                "cidr_blocks": [
                  "0.0.0.0/0"
                ],
                "description": "Salida permitida a cualquier red",
                "from_port": 0,
                "ipv6_cidr_blocks": [],
                "prefix_list_ids": [],
                "protocol": "-1",
                "security_groups": [],
                "self": false,
                "to_port": 0
              }
            ],
            "id": "sg-0321d9494622fdabf",
            "ingress": [
              {
                "cidr_blocks": [
                  "0.0.0.0/0"
                ],
                "description": "SSH Entrada a VPC",
                "from_port": 22,
                "ipv6_cidr_blocks": [],
                "prefix_list_ids": [],
                "protocol": "tcp",
                "security_groups": [],
                "self": false,
                "to_port": 22
              },
              {
                "cidr_blocks": [
                  "0.0.0.0/0"
                ],
                "description": "icmp Entrada a VPC",
                "from_port": 0,
                "ipv6_cidr_blocks": [],
                "prefix_list_ids": [],
                "protocol": "icmp",
                "security_groups": [],
                "self": false,
                "to_port": 0
              }
            ],
            "name": "sg_icmp_ssh",
            "name_prefix": null,
            "owner_id": "919636632680",
            "revoke_rules_on_delete": false,
            "tags": {
              "Name": "ACL-IN-OUT-SG1"
            },
            "timeouts": null,
            "vpc_id": "vpc-0063157541c1df386"
          },
          "private": "eyJlMmJmYjczMC1lY2FhLTExZTYtOGY4OC0zNDM2M2JjN2M0YzAiOnsiY3JlYXRlIjo2MDAwMDAwMDAwMDAsImRlbGV0ZSI6NjAwMDAwMDAwMDAwfSwic2NoZW1hX3ZlcnNpb24iOiIxIn0=",
          "dependencies": [
            "aws_vpc.main1"
          ]
        }
      ]
    },
    {
      "mode": "managed",
      "type": "aws_security_group",
      "name": "sg-2",
      "provider": "provider.aws",
      "instances": [
        {
          "schema_version": 1,
          "attributes": {
            "arn": "arn:aws:ec2:us-east-2:919636632680:security-group/sg-0c50e366e82ce9458",
            "description": "Permite Trafico HTTP, HTTPS",
            "egress": [
              {
                "cidr_blocks": [
                  "0.0.0.0/0"
                ],
                "description": "Salida permitida a cualquier red",
                "from_port": 0,
                "ipv6_cidr_blocks": [],
                "prefix_list_ids": [],
                "protocol": "-1",
                "security_groups": [],
                "self": false,
                "to_port": 0
              }
            ],
            "id": "sg-0c50e366e82ce9458",
            "ingress": [
              {
                "cidr_blocks": [
                  "0.0.0.0/0"
                ],
                "description": "HTTP Entrada a VPC",
                "from_port": 80,
                "ipv6_cidr_blocks": [],
                "prefix_list_ids": [],
                "protocol": "tcp",
                "security_groups": [],
                "self": false,
                "to_port": 80
              },
              {
                "cidr_blocks": [
                  "0.0.0.0/0"
                ],
                "description": "HTTPS Entrada a VPC",
                "from_port": 443,
                "ipv6_cidr_blocks": [],
                "prefix_list_ids": [],
                "protocol": "tcp",
                "security_groups": [],
                "self": false,
                "to_port": 443
              }
            ],
            "name": "sg_http",
            "name_prefix": null,
            "owner_id": "919636632680",
            "revoke_rules_on_delete": false,
            "tags": {
              "Name": "ACL-IN-OUT-SG2"
            },
            "timeouts": null,
            "vpc_id": "vpc-0063157541c1df386"
          },
          "private": "eyJlMmJmYjczMC1lY2FhLTExZTYtOGY4OC0zNDM2M2JjN2M0YzAiOnsiY3JlYXRlIjo2MDAwMDAwMDAwMDAsImRlbGV0ZSI6NjAwMDAwMDAwMDAwfSwic2NoZW1hX3ZlcnNpb24iOiIxIn0=",
          "dependencies": [
            "aws_vpc.main1"
          ]
        }
      ]
    },
    {
      "mode": "managed",
      "type": "aws_subnet",
      "name": "subnet1",
      "provider": "provider.aws",
      "instances": [
        {
          "schema_version": 1,
          "attributes": {
            "arn": "arn:aws:ec2:us-east-2:919636632680:subnet/subnet-05530d6169e525ce9",
            "assign_ipv6_address_on_creation": false,
            "availability_zone": "us-east-2a",
            "availability_zone_id": "use2-az1",
            "cidr_block": "10.0.10.0/24",
            "id": "subnet-05530d6169e525ce9",
            "ipv6_cidr_block": "",
            "ipv6_cidr_block_association_id": "",
            "map_public_ip_on_launch": true,
            "outpost_arn": "",
            "owner_id": "919636632680",
            "tags": {
              "Name": "Subnet1 - us-east-2a"
            },
            "timeouts": null,
            "vpc_id": "vpc-0063157541c1df386"
          },
          "private": "eyJlMmJmYjczMC1lY2FhLTExZTYtOGY4OC0zNDM2M2JjN2M0YzAiOnsiY3JlYXRlIjo2MDAwMDAwMDAwMDAsImRlbGV0ZSI6MTIwMDAwMDAwMDAwMH0sInNjaGVtYV92ZXJzaW9uIjoiMSJ9",
          "dependencies": [
            "aws_vpc.main1"
          ]
        }
      ]
    },
    {
      "mode": "managed",
      "type": "aws_subnet",
      "name": "subnet2",
      "provider": "provider.aws",
      "instances": [
        {
          "schema_version": 1,
          "attributes": {
            "arn": "arn:aws:ec2:us-east-2:919636632680:subnet/subnet-092cf07c35ebc1acf",
            "assign_ipv6_address_on_creation": false,
            "availability_zone": "us-east-2b",
            "availability_zone_id": "use2-az2",
            "cidr_block": "10.0.20.0/24",
            "id": "subnet-092cf07c35ebc1acf",
            "ipv6_cidr_block": "",
            "ipv6_cidr_block_association_id": "",
            "map_public_ip_on_launch": true,
            "outpost_arn": "",
            "owner_id": "919636632680",
            "tags": {
              "Name": "Subnet2 - us-east-2b"
            },
            "timeouts": null,
            "vpc_id": "vpc-0063157541c1df386"
          },
          "private": "eyJlMmJmYjczMC1lY2FhLTExZTYtOGY4OC0zNDM2M2JjN2M0YzAiOnsiY3JlYXRlIjo2MDAwMDAwMDAwMDAsImRlbGV0ZSI6MTIwMDAwMDAwMDAwMH0sInNjaGVtYV92ZXJzaW9uIjoiMSJ9",
          "dependencies": [
            "aws_vpc.main1"
          ]
        }
      ]
    },
    {
      "mode": "managed",
      "type": "aws_subnet",
      "name": "subnet3",
      "provider": "provider.aws",
      "instances": [
        {
          "schema_version": 1,
          "attributes": {
            "arn": "arn:aws:ec2:us-east-2:919636632680:subnet/subnet-082e5f6db4b9aa8be",
            "assign_ipv6_address_on_creation": false,
            "availability_zone": "us-east-2c",
            "availability_zone_id": "use2-az3",
            "cidr_block": "10.0.30.0/24",
            "id": "subnet-082e5f6db4b9aa8be",
            "ipv6_cidr_block": "",
            "ipv6_cidr_block_association_id": "",
            "map_public_ip_on_launch": true,
            "outpost_arn": "",
            "owner_id": "919636632680",
            "tags": {
              "Name": "Subnet3 - us-east-2c"
            },
            "timeouts": null,
            "vpc_id": "vpc-0063157541c1df386"
          },
          "private": "eyJlMmJmYjczMC1lY2FhLTExZTYtOGY4OC0zNDM2M2JjN2M0YzAiOnsiY3JlYXRlIjo2MDAwMDAwMDAwMDAsImRlbGV0ZSI6MTIwMDAwMDAwMDAwMH0sInNjaGVtYV92ZXJzaW9uIjoiMSJ9",
          "dependencies": [
            "aws_vpc.main1"
          ]
        }
      ]
    },
    {
      "mode": "managed",
      "type": "aws_vpc",
      "name": "main1",
      "provider": "provider.aws",
      "instances": [
        {
          "schema_version": 1,
          "attributes": {
            "arn": "arn:aws:ec2:us-east-2:919636632680:vpc/vpc-0063157541c1df386",
            "assign_generated_ipv6_cidr_block": false,
            "cidr_block": "10.0.0.0/16",
            "default_network_acl_id": "acl-03dc01b22e5035730",
            "default_route_table_id": "rtb-062208e8e863a1647",
            "default_security_group_id": "sg-0bfd32d5f091a9a70",
            "dhcp_options_id": "dopt-bef947d5",
            "enable_classiclink": null,
            "enable_classiclink_dns_support": null,
            "enable_dns_hostnames": true,
            "enable_dns_support": true,
            "id": "vpc-0063157541c1df386",
            "instance_tenancy": "default",
            "ipv6_association_id": "",
            "ipv6_cidr_block": "",
            "main_route_table_id": "rtb-062208e8e863a1647",
            "owner_id": "919636632680",
            "tags": {
              "Name": "Main VPC 1"
            }
          },
          "private": "eyJzY2hlbWFfdmVyc2lvbiI6IjEifQ=="
        }
      ]
    }
  ]
}
